
Microsoft Visual Studio Solution File, Format Version 12.00
# Visual Studio Version 17
VisualStudioVersion = 17.14.36327.8 d17.14
MinimumVisualStudioVersion = 10.0.40219.1
Project("{FAE04EC0-301F-11D3-BF4B-00C04F79EFBC}") = "IDT New", "IDT New\IDT New.csproj", "{73708566-3C59-41E4-AD52-D2DC48C7E122}"
EndProject
Global
	GlobalSection(SolutionConfigurationPlatforms) = preSolution
		Debug|Any CPU = Debug|Any CPU
		Release|Any CPU = Release|Any CPU
	EndGlobalSection
	GlobalSection(ProjectConfigurationPlatforms) = postSolution
		{73708566-3C59-41E4-AD52-D2DC48C7E122}.Debug|Any CPU.ActiveCfg = Debug|Any CPU
		{73708566-3C59-41E4-AD52-D2DC48C7E122}.Debug|Any CPU.Build.0 = Debug|Any CPU
		{73708566-3C59-41E4-AD52-D2DC48C7E122}.Release|Any CPU.ActiveCfg = Release|Any CPU
		{73708566-3C59-41E4-AD52-D2DC48C7E122}.Release|Any CPU.Build.0 = Release|Any CPU
	EndGlobalSection
	GlobalSection(SolutionProperties) = preSolution
		HideSolutionNode = FALSE
	EndGlobalSection
	GlobalSection(ExtensibilityGlobals) = postSolution
		SolutionGuid = {6381B66A-9DFD-4BDF-A5CC-45B12F0E0FF1}
	EndGlobalSection
EndGlobal
